
Microsoft Visual Studio Solution File, Format Version 12.00
# Visual Studio Version 17
VisualStudioVersion = 17.0.31912.275
MinimumVisualStudioVersion = 10.0.40219.1
Project("{FAE04EC0-301F-11D3-BF4B-00C04F79EFBC}") = "EdenFreshApplication", "EdenFreshApplication.csproj", "{52DB33A5-C279-47DA-8526-160592F466EC}"
EndProject
Global
	GlobalSection(SolutionConfigurationPlatforms) = preSolution
		Debug|Any CPU = Debug|Any CPU
		Release|Any CPU = Release|Any CPU
	EndGlobalSection
	GlobalSection(ProjectConfigurationPlatforms) = postSolution
		{52DB33A5-C279-47DA-8526-160592F466EC}.Debug|Any CPU.ActiveCfg = Debug|Any CPU
		{52DB33A5-C279-47DA-8526-160592F466EC}.Debug|Any CPU.Build.0 = Debug|Any CPU
		{52DB33A5-C279-47DA-8526-160592F466EC}.Release|Any CPU.ActiveCfg = Release|Any CPU
		{52DB33A5-C279-47DA-8526-160592F466EC}.Release|Any CPU.Build.0 = Release|Any CPU
	EndGlobalSection
	GlobalSection(SolutionProperties) = preSolution
		HideSolutionNode = FALSE
	EndGlobalSection
	GlobalSection(ExtensibilityGlobals) = postSolution
		SolutionGuid = {F62BCAB1-BBF9-4869-A6A8-11F904BA1190}
	EndGlobalSection
EndGlobal
